
Microsoft Visual Studio Solution File, Format Version 12.00
# Visual Studio Version 18
VisualStudioVersion = 18.4.2
MinimumVisualStudioVersion = 10.0.40219.1
Project("{FAE04EC0-301F-11D3-BF4B-00C04F79EFBC}") = "coderush", "coderush\coderush.csproj", "{B0DFD956-A8F2-4045-BB69-38EF481BE475}"
EndProject
Project("{FAE04EC0-301F-11D3-BF4B-00C04F79EFBC}") = "coderush.UnitTests", "coderush.UnitTests\coderush.UnitTests.csproj", "{29905929-1A63-49DA-992B-C4FBD7AA5154}"
EndProject
Project("{FAE04EC0-301F-11D3-BF4B-00C04F79EFBC}") = "coderush.IntegrationTests", "coderush.IntegrationTests\coderush.IntegrationTests.csproj", "{A4424CFA-9651-4C45-A9AC-EA6C05EC49C5}"
EndProject
Project("{FAE04EC0-301F-11D3-BF4B-00C04F79EFBC}") = "coderush.AutomatedTests", "coderush.AutomatedTests\coderush.AutomatedTests.csproj", "{4572F584-9B7E-4708-AF73-C2212F7A2058}"
EndProject
Project("{FAE04EC0-301F-11D3-BF4B-00C04F79EFBC}") = "coderush.E2ETests", "coderush.E2ETests\coderush.E2ETests.csproj", "{39BEB565-7852-46DF-915B-43B125F291D6}"
EndProject
Project("{2150E333-8FDC-42A3-9474-1A3956D46DE8}") = "Solution Items", "Solution Items", "{E8A3B8A0-1F6A-4C2D-9B5E-3A7F0C8D2E4B}"
	ProjectSection(SolutionItems) = preProject
		.env.example = .env.example
	EndProjectSection
EndProject
Global
	GlobalSection(SolutionConfigurationPlatforms) = preSolution
		Debug|Any CPU = Debug|Any CPU
		Debug|x64 = Debug|x64
		Debug|x86 = Debug|x86
		Release|Any CPU = Release|Any CPU
		Release|x64 = Release|x64
		Release|x86 = Release|x86
	EndGlobalSection
	GlobalSection(ProjectConfigurationPlatforms) = postSolution
		{B0DFD956-A8F2-4045-BB69-38EF481BE475}.Debug|Any CPU.ActiveCfg = Debug|Any CPU
		{B0DFD956-A8F2-4045-BB69-38EF481BE475}.Debug|Any CPU.Build.0 = Debug|Any CPU
		{B0DFD956-A8F2-4045-BB69-38EF481BE475}.Debug|x64.ActiveCfg = Debug|Any CPU
		{B0DFD956-A8F2-4045-BB69-38EF481BE475}.Debug|x64.Build.0 = Debug|Any CPU
		{B0DFD956-A8F2-4045-BB69-38EF481BE475}.Debug|x86.ActiveCfg = Debug|Any CPU
		{B0DFD956-A8F2-4045-BB69-38EF481BE475}.Debug|x86.Build.0 = Debug|Any CPU
		{B0DFD956-A8F2-4045-BB69-38EF481BE475}.Release|Any CPU.ActiveCfg = Release|Any CPU
		{B0DFD956-A8F2-4045-BB69-38EF481BE475}.Release|Any CPU.Build.0 = Release|Any CPU
		{B0DFD956-A8F2-4045-BB69-38EF481BE475}.Release|x64.ActiveCfg = Release|Any CPU
		{B0DFD956-A8F2-4045-BB69-38EF481BE475}.Release|x64.Build.0 = Release|Any CPU
		{B0DFD956-A8F2-4045-BB69-38EF481BE475}.Release|x86.ActiveCfg = Release|Any CPU
		{B0DFD956-A8F2-4045-BB69-38EF481BE475}.Release|x86.Build.0 = Release|Any CPU
		{29905929-1A63-49DA-992B-C4FBD7AA5154}.Debug|Any CPU.ActiveCfg = Debug|Any CPU
		{29905929-1A63-49DA-992B-C4FBD7AA5154}.Debug|Any CPU.Build.0 = Debug|Any CPU
		{29905929-1A63-49DA-992B-C4FBD7AA5154}.Debug|x64.ActiveCfg = Debug|Any CPU
		{29905929-1A63-49DA-992B-C4FBD7AA5154}.Debug|x64.Build.0 = Debug|Any CPU
		{29905929-1A63-49DA-992B-C4FBD7AA5154}.Debug|x86.ActiveCfg = Debug|Any CPU
		{29905929-1A63-49DA-992B-C4FBD7AA5154}.Debug|x86.Build.0 = Debug|Any CPU
		{29905929-1A63-49DA-992B-C4FBD7AA5154}.Release|Any CPU.ActiveCfg = Release|Any CPU
		{29905929-1A63-49DA-992B-C4FBD7AA5154}.Release|Any CPU.Build.0 = Release|Any CPU
		{29905929-1A63-49DA-992B-C4FBD7AA5154}.Release|x64.ActiveCfg = Release|Any CPU
		{29905929-1A63-49DA-992B-C4FBD7AA5154}.Release|x64.Build.0 = Release|Any CPU
		{29905929-1A63-49DA-992B-C4FBD7AA5154}.Release|x86.ActiveCfg = Release|Any CPU
		{29905929-1A63-49DA-992B-C4FBD7AA5154}.Release|x86.Build.0 = Release|Any CPU
		{A4424CFA-9651-4C45-A9AC-EA6C05EC49C5}.Debug|Any CPU.ActiveCfg = Debug|Any CPU
		{A4424CFA-9651-4C45-A9AC-EA6C05EC49C5}.Debug|Any CPU.Build.0 = Debug|Any CPU
		{A4424CFA-9651-4C45-A9AC-EA6C05EC49C5}.Debug|x64.ActiveCfg = Debug|Any CPU
		{A4424CFA-9651-4C45-A9AC-EA6C05EC49C5}.Debug|x64.Build.0 = Debug|Any CPU
		{A4424CFA-9651-4C45-A9AC-EA6C05EC49C5}.Debug|x86.ActiveCfg = Debug|Any CPU
		{A4424CFA-9651-4C45-A9AC-EA6C05EC49C5}.Debug|x86.Build.0 = Debug|Any CPU
		{A4424CFA-9651-4C45-A9AC-EA6C05EC49C5}.Release|Any CPU.ActiveCfg = Release|Any CPU
		{A4424CFA-9651-4C45-A9AC-EA6C05EC49C5}.Release|Any CPU.Build.0 = Release|Any CPU
		{A4424CFA-9651-4C45-A9AC-EA6C05EC49C5}.Release|x64.ActiveCfg = Release|Any CPU
		{A4424CFA-9651-4C45-A9AC-EA6C05EC49C5}.Release|x64.Build.0 = Release|Any CPU
		{A4424CFA-9651-4C45-A9AC-EA6C05EC49C5}.Release|x86.ActiveCfg = Release|Any CPU
		{A4424CFA-9651-4C45-A9AC-EA6C05EC49C5}.Release|x86.Build.0 = Release|Any CPU
		{4572F584-9B7E-4708-AF73-C2212F7A2058}.Debug|Any CPU.ActiveCfg = Debug|Any CPU
		{4572F584-9B7E-4708-AF73-C2212F7A2058}.Debug|Any CPU.Build.0 = Debug|Any CPU
		{4572F584-9B7E-4708-AF73-C2212F7A2058}.Debug|x64.ActiveCfg = Debug|Any CPU
		{4572F584-9B7E-4708-AF73-C2212F7A2058}.Debug|x64.Build.0 = Debug|Any CPU
		{4572F584-9B7E-4708-AF73-C2212F7A2058}.Debug|x86.ActiveCfg = Debug|Any CPU
		{4572F584-9B7E-4708-AF73-C2212F7A2058}.Debug|x86.Build.0 = Debug|Any CPU
		{4572F584-9B7E-4708-AF73-C2212F7A2058}.Release|Any CPU.ActiveCfg = Release|Any CPU
		{4572F584-9B7E-4708-AF73-C2212F7A2058}.Release|Any CPU.Build.0 = Release|Any CPU
		{4572F584-9B7E-4708-AF73-C2212F7A2058}.Release|x64.ActiveCfg = Release|Any CPU
		{4572F584-9B7E-4708-AF73-C2212F7A2058}.Release|x64.Build.0 = Release|Any CPU
		{4572F584-9B7E-4708-AF73-C2212F7A2058}.Release|x86.ActiveCfg = Release|Any CPU
		{4572F584-9B7E-4708-AF73-C2212F7A2058}.Release|x86.Build.0 = Release|Any CPU
		{39BEB565-7852-46DF-915B-43B125F291D6}.Debug|Any CPU.ActiveCfg = Debug|Any CPU
		{39BEB565-7852-46DF-915B-43B125F291D6}.Debug|Any CPU.Build.0 = Debug|Any CPU
		{39BEB565-7852-46DF-915B-43B125F291D6}.Debug|x64.ActiveCfg = Debug|Any CPU
		{39BEB565-7852-46DF-915B-43B125F291D6}.Debug|x64.Build.0 = Debug|Any CPU
		{39BEB565-7852-46DF-915B-43B125F291D6}.Debug|x86.ActiveCfg = Debug|Any CPU
		{39BEB565-7852-46DF-915B-43B125F291D6}.Debug|x86.Build.0 = Debug|Any CPU
		{39BEB565-7852-46DF-915B-43B125F291D6}.Release|Any CPU.ActiveCfg = Release|Any CPU
		{39BEB565-7852-46DF-915B-43B125F291D6}.Release|Any CPU.Build.0 = Release|Any CPU
		{39BEB565-7852-46DF-915B-43B125F291D6}.Release|x64.ActiveCfg = Release|Any CPU
		{39BEB565-7852-46DF-915B-43B125F291D6}.Release|x64.Build.0 = Release|Any CPU
		{39BEB565-7852-46DF-915B-43B125F291D6}.Release|x86.ActiveCfg = Release|Any CPU
		{39BEB565-7852-46DF-915B-43B125F291D6}.Release|x86.Build.0 = Release|Any CPU
	EndGlobalSection
	GlobalSection(SolutionProperties) = preSolution
		HideSolutionNode = FALSE
	EndGlobalSection
	GlobalSection(ExtensibilityGlobals) = postSolution
		SolutionGuid = {0F993996-863E-4140-AFA7-6A6E6B09E117}
	EndGlobalSection
EndGlobal
